// !$*UTF8*$!
{
	archiveVersion = 1;
	classes = {
	};
	objectVersion = 77;
	objects = {

/* Begin PBXContainerItemProxy section */
		D8196E0B2F1EF39500E76FD0 /* PBXContainerItemProxy */ = {
			isa = PBXContainerItemProxy;
			containerPortal = D8196DF52F1EF39400E76FD0 /* Project object */;
			proxyType = 1;
			remoteGlobalIDString = D8196DFC2F1EF39400E76FD0;
			remoteInfo = Mathaxy;
		};
		D8196E152F1EF39500E76FD0 /* PBXContainerItemProxy */ = {
			isa = PBXContainerItemProxy;
			containerPortal = D8196DF52F1EF39400E76FD0 /* Project object */;
			proxyType = 1;
			remoteGlobalIDString = D8196DFC2F1EF39400E76FD0;
			remoteInfo = Mathaxy;
		};
/* End PBXContainerItemProxy section */

/* Begin PBXFileReference section */
		D8196DFD2F1EF39400E76FD0 /* Mathaxy.app */ = {isa = PBXFileReference; explicitFileType = wrapper.application; includeInIndex = 0; path = Mathaxy.app; sourceTree = BUILT_PRODUCTS_DIR; };
		D8196E0A2F1EF39500E76FD0 /* MathaxyTests.xctest */ = {isa = PBXFileReference; explicitFileType = wrapper.cfbundle; includeInIndex = 0; path = MathaxyTests.xctest; sourceTree = BUILT_PRODUCTS_DIR; };
		D8196E142F1EF39500E76FD0 /* MathaxyUITests.xctest */ = {isa = PBXFileReference; explicitFileType = wrapper.cfbundle; includeInIndex = 0; path = MathaxyUITests.xctest; sourceTree = BUILT_PRODUCTS_DIR; };
/* End PBXFileReference section */

/* Begin PBXFileSystemSynchronizedRootGroup section */
		D8196DFF2F1EF39400E76FD0 /* Mathaxy */ = {
			isa = PBXFileSystemSynchronizedRootGroup;
			path = Mathaxy;
			sourceTree = "<group>";
		};
		D8196E0D2F1EF39500E76FD0 /* MathaxyTests */ = {
			isa = PBXFileSystemSynchronizedRootGroup;
			path = MathaxyTests;
			sourceTree = "<group>";
		};
		D8196E172F1EF39500E76FD0 /* MathaxyUITests */ = {
			isa = PBXFileSystemSynchronizedRootGroup;
			path = MathaxyUITests;
			sourceTree = "<group>";
		};
/* End PBXFileSystemSynchronizedRootGroup section */

/* Begin PBXFrameworksBuildPhase section */
		D8196DFA2F1EF39400E76FD0 /* Frameworks */ = {
			isa = PBXFrameworksBuildPhase;
			buildActionMask = 2147483647;
			files = (
			);
			runOnlyForDeploymentPostprocessing = 0;
		};
		D8196E072F1EF39500E76FD0 /* Frameworks */ = {
			isa = PBXFrameworksBuildPhase;
			buildActionMask = 2147483647;
			files = (
			);
			runOnlyForDeploymentPostprocessing = 0;
		};
		D8196E112F1EF39500E76FD0 /* Frameworks */ = {
			isa = PBXFrameworksBuildPhase;
			buildActionMask = 2147483647;
			files = (
			);
			runOnlyForDeploymentPostprocessing = 0;
		};
/* End PBXFrameworksBuildPhase section */

/* Begin PBXGroup section */
		D8196DF42F1EF39400E76FD0 = {
			isa = PBXGroup;
			children = (
				D8196DFF2F1EF39400E76FD0 /* Mathaxy */,
				D8196E0D2F1EF39500E76FD0 /* MathaxyTests */,
				D8196E172F1EF39500E76FD0 /* MathaxyUITests */,
				D8196DFE2F1EF39400E76FD0 /* Products */,
			);
			sourceTree = "<group>";
		};
		D8196DFE2F1EF39400E76FD0 /* Products */ = {
			isa = PBXGroup;
			children = (
				D8196DFD2F1EF39400E76FD0 /* Mathaxy.app */,
				D8196E0A2F1EF39500E76FD0 /* MathaxyTests.xctest */,
				D8196E142F1EF39500E76FD0 /* MathaxyUITests.xctest */,
			);
			name = Products;
			sourceTree = "<group>";
		};
/* End PBXGroup section */

/* Begin PBXNativeTarget section */
		D8196DFC2F1EF39400E76FD0 /* Mathaxy */ = {
			isa = PBXNativeTarget;
			buildConfigurationList = D8196E1E2F1EF39500E76FD0 /* Build configuration list for PBXNativeTarget "Mathaxy" */;
			buildPhases = (
				D8196DF92F1EF39400E76FD0 /* Sources */,
				D8196DFA2F1EF39400E76FD0 /* Frameworks */,
				D8196DFB2F1EF39400E76FD0 /* Resources */,
			);
			buildRules = (
			);
			dependencies = (
			);
			fileSystemSynchronizedGroups = (
				D8196DFF2F1EF39400E76FD0 /* Mathaxy */,
			);
			name = Mathaxy;
			packageProductDependencies = (
			);
			productName = Mathaxy;
			productReference = D8196DFD2F1EF39400E76FD0 /* Mathaxy.app */;
			productType = "com.apple.product-type.application";
		};
		D8196E092F1EF39500E76FD0 /* MathaxyTests */ = {
			isa = PBXNativeTarget;
			buildConfigurationList = D8196E212F1EF39500E76FD0 /* Build configuration list for PBXNativeTarget "MathaxyTests" */;
			buildPhases = (
				D8196E062F1EF39500E76FD0 /* Sources */,
				D8196E072F1EF39500E76FD0 /* Frameworks */,
				D8196E082F1EF39500E76FD0 /* Resources */,
			);
			buildRules = (
			);
			dependencies = (
				D8196E0C2F1EF39500E76FD0 /* PBXTargetDependency */,
			);
			fileSystemSynchronizedGroups = (
				D8196E0D2F1EF39500E76FD0 /* MathaxyTests */,
			);
			name = MathaxyTests;
			packageProductDependencies = (
			);
			productName = MathaxyTests;
			productReference = D8196E0A2F1EF39500E76FD0 /* MathaxyTests.xctest */;
			productType = "com.apple.product-type.bundle.unit-test";
		};
		D8196E132F1EF39500E76FD0 /* MathaxyUITests */ = {
			isa = PBXNativeTarget;
			buildConfigurationList = D8196E242F1EF39500E76FD0 /* Build configuration list for PBXNativeTarget "MathaxyUITests" */;
			buildPhases = (
				D8196E102F1EF39500E76FD0 /* Sources */,
				D8196E112F1EF39500E76FD0 /* Frameworks */,
				D8196E122F1EF39500E76FD0 /* Resources */,
			);
			buildRules = (
			);
			dependencies = (
				D8196E162F1EF39500E76FD0 /* PBXTargetDependency */,
			);
			fileSystemSynchronizedGroups = (
				D8196E172F1EF39500E76FD0 /* MathaxyUITests */,
			);
			name = MathaxyUITests;
			packageProductDependencies = (
			);
			productName = MathaxyUITests;
			productReference = D8196E142F1EF39500E76FD0 /* MathaxyUITests.xctest */;
			productType = "com.apple.product-type.bundle.ui-testing";
		};
/* End PBXNativeTarget section */

/* Begin PBXProject section */
		D8196DF52F1EF39400E76FD0 /* Project object */ = {
			isa = PBXProject;
			attributes = {
				BuildIndependentTargetsInParallel = 1;
				LastSwiftUpdateCheck = 1630;
				LastUpgradeCheck = 1630;
				TargetAttributes = {
					D8196DFC2F1EF39400E76FD0 = {
						CreatedOnToolsVersion = 16.3;
					};
					D8196E092F1EF39500E76FD0 = {
						CreatedOnToolsVersion = 16.3;
						TestTargetID = D8196DFC2F1EF39400E76FD0;
					};
					D8196E132F1EF39500E76FD0 = {
						CreatedOnToolsVersion = 16.3;
						TestTargetID = D8196DFC2F1EF39400E76FD0;
					};
				};
			};
			buildConfigurationList = D8196DF82F1EF39400E76FD0 /* Build configuration list for PBXProject "Mathaxy" */;
			developmentRegion = en;
			hasScannedForEncodings = 0;
			knownRegions = (
				en,
				Base,
				"zh-Hans",
				ja,
				es,
				ko,
				"zh-Hant",
				pt,
			);
			mainGroup = D8196DF42F1EF39400E76FD0;
			minimizedProjectReferenceProxies = 1;
			preferredProjectObjectVersion = 77;
			productRefGroup = D8196DFE2F1EF39400E76FD0 /* Products */;
			projectDirPath = "";
			projectRoot = "";
			targets = (
				D8196DFC2F1EF39400E76FD0 /* Mathaxy */,
				D8196E092F1EF39500E76FD0 /* MathaxyTests */,
				D8196E132F1EF39500E76FD0 /* MathaxyUITests */,
			);
		};
/* End PBXProject section */

/* Begin PBXResourcesBuildPhase section */
		D8196DFB2F1EF39400E76FD0 /* Resources */ = {
			isa = PBXResourcesBuildPhase;
			buildActionMask = 2147483647;
			files = (
			);
			runOnlyForDeploymentPostprocessing = 0;
		};
		D8196E082F1EF39500E76FD0 /* Resources */ = {
			isa = PBXResourcesBuildPhase;
			buildActionMask = 2147483647;
			files = (
			);
			runOnlyForDeploymentPostprocessing = 0;
		};
		D8196E122F1EF39500E76FD0 /* Resources */ = {
			isa = PBXResourcesBuildPhase;
			buildActionMask = 2147483647;
			files = (
			);
			runOnlyForDeploymentPostprocessing = 0;
		};
/* End PBXResourcesBuildPhase section */

/* Begin PBXSourcesBuildPhase section */
		D8196DF92F1EF39400E76FD0 /* Sources */ = {
			isa = PBXSourcesBuildPhase;
			buildActionMask = 2147483647;
			files = (
			);
			runOnlyForDeploymentPostprocessing = 0;
		};
		D8196E062F1EF39500E76FD0 /* Sources */ = {
			isa = PBXSourcesBuildPhase;
			buildActionMask = 2147483647;
			files = (
			);
			runOnlyForDeploymentPostprocessing = 0;
		};
		D8196E102F1EF39500E76FD0 /* Sources */ = {
			isa = PBXSourcesBuildPhase;
			buildActionMask = 2147483647;
			files = (
			);
			runOnlyForDeploymentPostprocessing = 0;
		};
/* End PBXSourcesBuildPhase section */

/* Begin PBXTargetDependency section */
		D8196E0C2F1EF39500E76FD0 /* PBXTargetDependency */ = {
			isa = PBXTargetDependency;
			target = D8196DFC2F1EF39400E76FD0 /* Mathaxy */;
			targetProxy = D8196E0B2F1EF39500E76FD0 /* PBXContainerItemProxy */;
		};
		D8196E162F1EF39500E76FD0 /* PBXTargetDependency */ = {
			isa = PBXTargetDependency;
			target = D8196DFC2F1EF39400E76FD0 /* Mathaxy */;
			targetProxy = D8196E152F1EF39500E76FD0 /* PBXContainerItemProxy */;
		};
/* End PBXTargetDependency section */

/* Begin XCBuildConfiguration section */
		D8196E1C2F1EF39500E76FD0 /* Debug */ = {
			isa = XCBuildConfiguration;
			buildSettings = {
				ALWAYS_SEARCH_USER_PATHS = NO;
				ASSETCATALOG_COMPILER_GENERATE_SWIFT_ASSET_SYMBOL_EXTENSIONS = YES;
				CLANG_ANALYZER_NONNULL = YES;
				CLANG_ANALYZER_NUMBER_OBJECT_CONVERSION = YES_AGGRESSIVE;
				CLANG_CXX_LANGUAGE_STANDARD = "gnu++20";
				CLANG_ENABLE_MODULES = YES;
				CLANG_ENABLE_OBJC_ARC = YES;
				CLANG_ENABLE_OBJC_WEAK = YES;
				CLANG_WARN_BLOCK_CAPTURE_AUTORELEASING = YES;
				CLANG_WARN_BOOL_CONVERSION = YES;
				CLANG_WARN_COMMA = YES;
				CLANG_WARN_CONSTANT_CONVERSION = YES;
				CLANG_WARN_DEPRECATED_OBJC_IMPLEMENTATIONS = YES;
				CLANG_WARN_DIRECT_OBJC_ISA_USAGE = YES_ERROR;
				CLANG_WARN_DOCUMENTATION_COMMENTS = YES;
				CLANG_WARN_EMPTY_BODY = YES;
				CLANG_WARN_ENUM_CONVERSION = YES;
				CLANG_WARN_INFINITE_RECURSION = YES;
				CLANG_WARN_INT_CONVERSION = YES;
				CLANG_WARN_NON_LITERAL_NULL_CONVERSION = YES;
				CLANG_WARN_OBJC_IMPLICIT_RETAIN_SELF = YES;
				CLANG_WARN_OBJC_LITERAL_CONVERSION = YES;
				CLANG_WARN_OBJC_ROOT_CLASS = YES_ERROR;
				CLANG_WARN_QUOTED_INCLUDE_IN_FRAMEWORK_HEADER = YES;
				CLANG_WARN_RANGE_LOOP_ANALYSIS = YES;
				CLANG_WARN_STRICT_PROTOTYPES = YES;
				CLANG_WARN_SUSPICIOUS_MOVE = YES;
				CLANG_WARN_UNGUARDED_AVAILABILITY = YES_AGGRESSIVE;
				CLANG_WARN_UNREACHABLE_CODE = YES;
				CLANG_WARN__DUPLICATE_METHOD_MATCH = YES;
				COPY_PHASE_STRIP = NO;
				DEBUG_INFORMATION_FORMAT = dwarf;
				DEVELOPMENT_TEAM = RH28D37T36;
				ENABLE_STRICT_OBJC_MSGSEND = YES;
				ENABLE_TESTABILITY = YES;
				ENABLE_USER_SCRIPT_SANDBOXING = YES;
				GCC_C_LANGUAGE_STANDARD = gnu17;
				GCC_DYNAMIC_NO_PIC = NO;
				GCC_NO_COMMON_BLOCKS = YES;
				GCC_OPTIMIZATION_LEVEL = 0;
				GCC_PREPROCESSOR_DEFINITIONS = (
					"DEBUG=1",
					"$(inherited)",
				);
				GCC_WARN_64_TO_32_BIT_CONVERSION = YES;
				GCC_WARN_ABOUT_RETURN_TYPE = YES_ERROR;
				GCC_WARN_UNDECLARED_SELECTOR = YES;
				GCC_WARN_UNINITIALIZED_AUTOS = YES_AGGRESSIVE;
				GCC_WARN_UNUSED_FUNCTION = YES;
				GCC_WARN_UNUSED_VARIABLE = YES;
				IPHONEOS_DEPLOYMENT_TARGET = 18.4;
				LOCALIZATION_PREFERS_STRING_CATALOGS = YES;
				MTL_ENABLE_DEBUG_INFO = INCLUDE_SOURCE;
				MTL_FAST_MATH = YES;
				ONLY_ACTIVE_ARCH = YES;
				SDKROOT = iphoneos;
				SWIFT_ACTIVE_COMPILATION_CONDITIONS = "DEBUG $(inherited)";
				SWIFT_OPTIMIZATION_LEVEL = "-Onone";
			};
			name = Debug;
		};
		D8196E1D2F1EF39500E76FD0 /* Release */ = {
			isa = XCBuildConfiguration;
			buildSettings = {
				ALWAYS_SEARCH_USER_PATHS = NO;
				ASSETCATALOG_COMPILER_GENERATE_SWIFT_ASSET_SYMBOL_EXTENSIONS = YES;
				CLANG_ANALYZER_NONNULL = YES;
				CLANG_ANALYZER_NUMBER_OBJECT_CONVERSION = YES_AGGRESSIVE;
				CLANG_CXX_LANGUAGE_STANDARD = "gnu++20";
				CLANG_ENABLE_MODULES = YES;
				CLANG_ENABLE_OBJC_ARC = YES;
				CLANG_ENABLE_OBJC_WEAK = YES;
				CLANG_WARN_BLOCK_CAPTURE_AUTORELEASING = YES;
				CLANG_WARN_BOOL_CONVERSION = YES;
				CLANG_WARN_COMMA = YES;
				CLANG_WARN_CONSTANT_CONVERSION = YES;
				CLANG_WARN_DEPRECATED_OBJC_IMPLEMENTATIONS = YES;
				CLANG_WARN_DIRECT_OBJC_ISA_USAGE = YES_ERROR;
				CLANG_WARN_DOCUMENTATION_COMMENTS = YES;
				CLANG_WARN_EMPTY_BODY = YES;
				CLANG_WARN_ENUM_CONVERSION = YES;
				CLANG_WARN_INFINITE_RECURSION = YES;
				CLANG_WARN_INT_CONVERSION = YES;
				CLANG_WARN_NON_LITERAL_NULL_CONVERSION = YES;
				CLANG_WARN_OBJC_IMPLICIT_RETAIN_SELF = YES;
				CLANG_WARN_OBJC_LITERAL_CONVERSION = YES;
				CLANG_WARN_OBJC_ROOT_CLASS = YES_ERROR;
				CLANG_WARN_QUOTED_INCLUDE_IN_FRAMEWORK_HEADER = YES;
				CLANG_WARN_RANGE_LOOP_ANALYSIS = YES;
				CLANG_WARN_STRICT_PROTOTYPES = YES;
				CLANG_WARN_SUSPICIOUS_MOVE = YES;
				CLANG_WARN_UNGUARDED_AVAILABILITY = YES_AGGRESSIVE;
				CLANG_WARN_UNREACHABLE_CODE = YES;
				CLANG_WARN__DUPLICATE_METHOD_MATCH = YES;
				COPY_PHASE_STRIP = NO;
				DEBUG_INFORMATION_FORMAT = "dwarf-with-dsym";
				DEVELOPMENT_TEAM = RH28D37T36;
				ENABLE_NS_ASSERTIONS = NO;
				ENABLE_STRICT_OBJC_MSGSEND = YES;
				ENABLE_USER_SCRIPT_SANDBOXING = YES;
				GCC_C_LANGUAGE_STANDARD = gnu17;
				GCC_NO_COMMON_BLOCKS = YES;
				GCC_WARN_64_TO_32_BIT_CONVERSION = YES;
				GCC_WARN_ABOUT_RETURN_TYPE = YES_ERROR;
				GCC_WARN_UNDECLARED_SELECTOR = YES;
				GCC_WARN_UNINITIALIZED_AUTOS = YES_AGGRESSIVE;
				GCC_WARN_UNUSED_FUNCTION = YES;
				GCC_WARN_UNUSED_VARIABLE = YES;
				IPHONEOS_DEPLOYMENT_TARGET = 18.4;
				LOCALIZATION_PREFERS_STRING_CATALOGS = YES;
				MTL_ENABLE_DEBUG_INFO = NO;
				MTL_FAST_MATH = YES;
				SDKROOT = iphoneos;
				SWIFT_COMPILATION_MODE = wholemodule;
				VALIDATE_PRODUCT = YES;
			};
			name = Release;
		};
		D8196E1F2F1EF39500E76FD0 /* Debug */ = {
			isa = XCBuildConfiguration;
			buildSettings = {
				ASSETCATALOG_COMPILER_APPICON_NAME = AppIcon;
				ASSETCATALOG_COMPILER_GLOBAL_ACCENT_COLOR_NAME = AccentColor;
				CODE_SIGN_STYLE = Automatic;
				CURRENT_PROJECT_VERSION = 1;
				DEVELOPMENT_TEAM = RH28D37T36;
				ENABLE_PREVIEWS = YES;
				GENERATE_INFOPLIST_FILE = YES;
				INFOPLIST_FILE = "Mathaxy/App-Info.plist";
				INFOPLIST_KEY_UIApplicationSceneManifest_Generation = YES;
				INFOPLIST_KEY_UIApplicationSupportsIndirectInputEvents = YES;
				INFOPLIST_KEY_UILaunchScreen_Generation = YES;
				INFOPLIST_KEY_UISupportedInterfaceOrientations_iPad = "UIInterfaceOrientationPortrait UIInterfaceOrientationPortraitUpsideDown UIInterfaceOrientationLandscapeLeft UIInterfaceOrientationLandscapeRight";
				INFOPLIST_KEY_UISupportedInterfaceOrientations_iPhone = "UIInterfaceOrientationPortrait UIInterfaceOrientationLandscapeLeft UIInterfaceOrientationLandscapeRight";
				LD_RUNPATH_SEARCH_PATHS = (
					"$(inherited)",
					"@executable_path/Frameworks",
				);
				MARKETING_VERSION = 1.0;
				PRODUCT_BUNDLE_IDENTIFIER = beverg.Mathaxy;
				PRODUCT_NAME = "$(TARGET_NAME)";
				SWIFT_EMIT_LOC_STRINGS = YES;
				SWIFT_VERSION = 5.0;
				TARGETED_DEVICE_FAMILY = "1,2";
			};
			name = Debug;
		};
		D8196E202F1EF39500E76FD0 /* Release */ = {
			isa = XCBuildConfiguration;
			buildSettings = {
				ASSETCATALOG_COMPILER_APPICON_NAME = AppIcon;
				ASSETCATALOG_COMPILER_GLOBAL_ACCENT_COLOR_NAME = AccentColor;
				CODE_SIGN_STYLE = Automatic;
				CURRENT_PROJECT_VERSION = 1;
				DEVELOPMENT_TEAM = RH28D37T36;
				ENABLE_PREVIEWS = YES;
				GENERATE_INFOPLIST_FILE = YES;
				INFOPLIST_FILE = "Mathaxy/App-Info.plist";
				INFOPLIST_KEY_UIApplicationSceneManifest_Generation = YES;
				INFOPLIST_KEY_UIApplicationSupportsIndirectInputEvents = YES;
				INFOPLIST_KEY_UILaunchScreen_Generation = YES;
				INFOPLIST_KEY_UISupportedInterfaceOrientations_iPad = "UIInterfaceOrientationPortrait UIInterfaceOrientationPortraitUpsideDown UIInterfaceOrientationLandscapeLeft UIInterfaceOrientationLandscapeRight";
				INFOPLIST_KEY_UISupportedInterfaceOrientations_iPhone = "UIInterfaceOrientationPortrait UIInterfaceOrientationLandscapeLeft UIInterfaceOrientationLandscapeRight";
				LD_RUNPATH_SEARCH_PATHS = (
					"$(inherited)",
					"@executable_path/Frameworks",
				);
				MARKETING_VERSION = 1.0;
				PRODUCT_BUNDLE_IDENTIFIER = beverg.Mathaxy;
				PRODUCT_NAME = "$(TARGET_NAME)";
				SWIFT_EMIT_LOC_STRINGS = YES;
				SWIFT_VERSION = 5.0;
				TARGETED_DEVICE_FAMILY = "1,2";
			};
			name = Release;
		};
		D8196E222F1EF39500E76FD0 /* Debug */ = {
			isa = XCBuildConfiguration;
			buildSettings = {
				BUNDLE_LOADER = "$(TEST_HOST)";
				CODE_SIGN_STYLE = Automatic;
				CURRENT_PROJECT_VERSION = 1;
				DEVELOPMENT_TEAM = RH28D37T36;
				GENERATE_INFOPLIST_FILE = YES;
				INFOPLIST_FILE = "Mathaxy/App-Info.plist";
				IPHONEOS_DEPLOYMENT_TARGET = 18.4;
				MARKETING_VERSION = 1.0;
				PRODUCT_BUNDLE_IDENTIFIER = beverg.MathaxyTests;
				PRODUCT_NAME = "$(TARGET_NAME)";
				SWIFT_EMIT_LOC_STRINGS = NO;
				SWIFT_VERSION = 5.0;
				TARGETED_DEVICE_FAMILY = "1,2";
				TEST_HOST = "$(BUILT_PRODUCTS_DIR)/Mathaxy.app/$(BUNDLE_EXECUTABLE_FOLDER_PATH)/Mathaxy";
			};
			name = Debug;
		};
		D8196E232F1EF39500E76FD0 /* Release */ = {
			isa = XCBuildConfiguration;
			buildSettings = {
				BUNDLE_LOADER = "$(TEST_HOST)";
				CODE_SIGN_STYLE = Automatic;
				CURRENT_PROJECT_VERSION = 1;
				DEVELOPMENT_TEAM = RH28D37T36;
				GENERATE_INFOPLIST_FILE = YES;
				INFOPLIST_FILE = "Mathaxy/App-Info.plist";
				IPHONEOS_DEPLOYMENT_TARGET = 18.4;
				MARKETING_VERSION = 1.0;
				PRODUCT_BUNDLE_IDENTIFIER = beverg.MathaxyTests;
				PRODUCT_NAME = "$(TARGET_NAME)";
				SWIFT_EMIT_LOC_STRINGS = NO;
				SWIFT_VERSION = 5.0;
				TARGETED_DEVICE_FAMILY = "1,2";
				TEST_HOST = "$(BUILT_PRODUCTS_DIR)/Mathaxy.app/$(BUNDLE_EXECUTABLE_FOLDER_PATH)/Mathaxy";
			};
			name = Release;
		};
		D8196E252F1EF39500E76FD0 /* Debug */ = {
			isa = XCBuildConfiguration;
			buildSettings = {
				CODE_SIGN_STYLE = Automatic;
				CURRENT_PROJECT_VERSION = 1;
				DEVELOPMENT_TEAM = RH28D37T36;
				GENERATE_INFOPLIST_FILE = YES;
				INFOPLIST_FILE = "Mathaxy/App-Info.plist";
				MARKETING_VERSION = 1.0;
				PRODUCT_BUNDLE_IDENTIFIER = beverg.MathaxyUITests;
				PRODUCT_NAME = "$(TARGET_NAME)";
				SWIFT_EMIT_LOC_STRINGS = NO;
				SWIFT_VERSION = 5.0;
				TARGETED_DEVICE_FAMILY = "1,2";
				TEST_TARGET_NAME = Mathaxy;
			};
			name = Debug;
		};
		D8196E262F1EF39500E76FD0 /* Release */ = {
			isa = XCBuildConfiguration;
			buildSettings = {
				CODE_SIGN_STYLE = Automatic;
				CURRENT_PROJECT_VERSION = 1;
				DEVELOPMENT_TEAM = RH28D37T36;
				GENERATE_INFOPLIST_FILE = YES;
				INFOPLIST_FILE = "Mathaxy/App-Info.plist";
				MARKETING_VERSION = 1.0;
				PRODUCT_BUNDLE_IDENTIFIER = beverg.MathaxyUITests;
				PRODUCT_NAME = "$(TARGET_NAME)";
				SWIFT_EMIT_LOC_STRINGS = NO;
				SWIFT_VERSION = 5.0;
				TARGETED_DEVICE_FAMILY = "1,2";
				TEST_TARGET_NAME = Mathaxy;
			};
			name = Release;
		};
/* End XCBuildConfiguration section */

/* Begin XCConfigurationList section */
		D8196DF82F1EF39400E76FD0 /* Build configuration list for PBXProject "Mathaxy" */ = {
			isa = XCConfigurationList;
			buildConfigurations = (
				D8196E1C2F1EF39500E76FD0 /* Debug */,
				D8196E1D2F1EF39500E76FD0 /* Release */,
			);
			defaultConfigurationIsVisible = 0;
			defaultConfigurationName = Release;
		};
		D8196E1E2F1EF39500E76FD0 /* Build configuration list for PBXNativeTarget "Mathaxy" */ = {
			isa = XCConfigurationList;
			buildConfigurations = (
				D8196E1F2F1EF39500E76FD0 /* Debug */,
				D8196E202F1EF39500E76FD0 /* Release */,
			);
			defaultConfigurationIsVisible = 0;
			defaultConfigurationName = Release;
		};
		D8196E212F1EF39500E76FD0 /* Build configuration list for PBXNativeTarget "MathaxyTests" */ = {
			isa = XCConfigurationList;
			buildConfigurations = (
				D8196E222F1EF39500E76FD0 /* Debug */,
				D8196E232F1EF39500E76FD0 /* Release */,
			);
			defaultConfigurationIsVisible = 0;
			defaultConfigurationName = Release;
		};
		D8196E242F1EF39500E76FD0 /* Build configuration list for PBXNativeTarget "MathaxyUITests" */ = {
			isa = XCConfigurationList;
			buildConfigurations = (
				D8196E252F1EF39500E76FD0 /* Debug */,
				D8196E262F1EF39500E76FD0 /* Release */,
			);
			defaultConfigurationIsVisible = 0;
			defaultConfigurationName = Release;
		};
/* End XCConfigurationList section */
	};
	rootObject = D8196DF52F1EF39400E76FD0 /* Project object */;
}
